
Microsoft Visual Studio Solution File, Format Version 12.00
# Visual Studio 15
VisualStudioVersion = 15.0.28307.271
MinimumVisualStudioVersion = 10.0.40219.1
Project("{FAE04EC0-301F-11D3-BF4B-00C04F79EFBC}") = "mvvv", "mvvv\mvvv.csproj", "{509C60F2-CF94-40C0-B5E5-55C4DE4AA5F7}"
EndProject
Global
	GlobalSection(SolutionConfigurationPlatforms) = preSolution
		Debug|Any CPU = Debug|Any CPU
		Release|Any CPU = Release|Any CPU
	EndGlobalSection
	GlobalSection(ProjectConfigurationPlatforms) = postSolution
		{509C60F2-CF94-40C0-B5E5-55C4DE4AA5F7}.Debug|Any CPU.ActiveCfg = Debug|Any CPU
		{509C60F2-CF94-40C0-B5E5-55C4DE4AA5F7}.Debug|Any CPU.Build.0 = Debug|Any CPU
		{509C60F2-CF94-40C0-B5E5-55C4DE4AA5F7}.Release|Any CPU.ActiveCfg = Release|Any CPU
		{509C60F2-CF94-40C0-B5E5-55C4DE4AA5F7}.Release|Any CPU.Build.0 = Release|Any CPU
	EndGlobalSection
	GlobalSection(SolutionProperties) = preSolution
		HideSolutionNode = FALSE
	EndGlobalSection
	GlobalSection(ExtensibilityGlobals) = postSolution
		SolutionGuid = {C15606BF-CD5A-44C0-ACF6-6F06B938AC1C}
	EndGlobalSection
EndGlobal
