
Microsoft Visual Studio Solution File, Format Version 12.00
# Visual Studio 15
VisualStudioVersion = 15.0.28307.271
MinimumVisualStudioVersion = 10.0.40219.1
Project("{FAE04EC0-301F-11D3-BF4B-00C04F79EFBC}") = "MVC app", "MVC app\MVC app.csproj", "{8FEDD885-9406-405B-BF47-E5CDFB4ED15F}"
EndProject
Global
	GlobalSection(SolutionConfigurationPlatforms) = preSolution
		Debug|Any CPU = Debug|Any CPU
		Release|Any CPU = Release|Any CPU
	EndGlobalSection
	GlobalSection(ProjectConfigurationPlatforms) = postSolution
		{8FEDD885-9406-405B-BF47-E5CDFB4ED15F}.Debug|Any CPU.ActiveCfg = Debug|Any CPU
		{8FEDD885-9406-405B-BF47-E5CDFB4ED15F}.Debug|Any CPU.Build.0 = Debug|Any CPU
		{8FEDD885-9406-405B-BF47-E5CDFB4ED15F}.Release|Any CPU.ActiveCfg = Release|Any CPU
		{8FEDD885-9406-405B-BF47-E5CDFB4ED15F}.Release|Any CPU.Build.0 = Release|Any CPU
	EndGlobalSection
	GlobalSection(SolutionProperties) = preSolution
		HideSolutionNode = FALSE
	EndGlobalSection
	GlobalSection(ExtensibilityGlobals) = postSolution
		SolutionGuid = {50FF6C25-1569-44E9-A8BA-7DE521E1619B}
	EndGlobalSection
EndGlobal
